
Microsoft Visual Studio Solution File, Format Version 12.00
# Visual Studio Version 16
VisualStudioVersion = 16.0.33927.289
MinimumVisualStudioVersion = 10.0.40219.1
Project("{2150E333-8FDC-42A3-9474-1A3956D46DE8}") = "Task0", "Task0", "{0AC92515-2456-4C85-B56F-31EDDC51ECFF}"
EndProject
Project("{FAE04EC0-301F-11D3-BF4B-00C04F79EFBC}") = "Tyuiu.KomarovMI.Sprint4.Task0.V1", "Tyuiu.KomarovMI.Sprint4.Task0.V1\Tyuiu.KomarovMI.Sprint4.Task0.V1.csproj", "{96DF897A-3E03-42A1-9231-55477003A2A6}"
EndProject
Project("{FAE04EC0-301F-11D3-BF4B-00C04F79EFBC}") = "Tyuiu.KomarovMI.Sprint4.Task0.V1.Lib", "Tyuiu.KomarovMI.Sprint4.Task0.V1.Lib\Tyuiu.KomarovMI.Sprint4.Task0.V1.Lib.csproj", "{A1CE50A1-A2DB-4B6F-9A3E-D95E8101457D}"
EndProject
Project("{FAE04EC0-301F-11D3-BF4B-00C04F79EFBC}") = "Tyuiu.KomarovMI.Sprint4.Task0.V1.Test", "Tyuiu.KomarovMI.Sprint4.Task0.V1.Test\Tyuiu.KomarovMI.Sprint4.Task0.V1.Test.csproj", "{EA98C4C5-AA9E-4FC8-AC63-B7B3930C93C5}"
EndProject
Project("{2150E333-8FDC-42A3-9474-1A3956D46DE8}") = "Task1", "Task1", "{B8670D08-1F3F-4091-80B5-DB0471D2824F}"
EndProject
Project("{FAE04EC0-301F-11D3-BF4B-00C04F79EFBC}") = "Tyuiu.KomarovMI.Sprint4.Task1.V14", "Tyuiu.KomarovMI.Sprint4.Task1.V14\Tyuiu.KomarovMI.Sprint4.Task1.V14.csproj", "{CBD33DFB-EE11-4CC4-8A6F-CB1D4C2074D0}"
EndProject
Project("{FAE04EC0-301F-11D3-BF4B-00C04F79EFBC}") = "Tyuiu.KomarovMI.Sprint4.Task1.V14.Lib", "Tyuiu.KomarovMI.Sprint4.Task1.V14.Lib\Tyuiu.KomarovMI.Sprint4.Task1.V14.Lib.csproj", "{23EA1E60-6770-498C-931D-6A508C2E7C7A}"
EndProject
Project("{FAE04EC0-301F-11D3-BF4B-00C04F79EFBC}") = "Tyuiu.KomarovMI.Sprint4.Task1.V14.Test", "Tyuiu.KomarovMI.Sprint4.Task1.V14.Test\Tyuiu.KomarovMI.Sprint4.Task1.V14.Test.csproj", "{88020184-A8D6-47EB-82D9-368FEED80031}"
EndProject
Project("{2150E333-8FDC-42A3-9474-1A3956D46DE8}") = "Task2", "Task2", "{773D33F3-9B67-4E5D-B44D-628F109FA20E}"
EndProject
Project("{FAE04EC0-301F-11D3-BF4B-00C04F79EFBC}") = "Tyuiu.KomarovMI.Sprint4.Task2.V30", "Tyuiu.KomarovMI.Sprint4.Task2.V30\Tyuiu.KomarovMI.Sprint4.Task2.V30.csproj", "{FEE44A9C-7FC0-40D9-88C4-06E9BB00747D}"
EndProject
Project("{FAE04EC0-301F-11D3-BF4B-00C04F79EFBC}") = "Tyuiu.KomarovMI.Sprint4.Task2.V30.Lib", "Tyuiu.KomarovMI.Sprint4.Task2.V30.Lib\Tyuiu.KomarovMI.Sprint4.Task2.V30.Lib.csproj", "{6642C0C6-6480-48BB-AF33-D68ACD901959}"
EndProject
Project("{FAE04EC0-301F-11D3-BF4B-00C04F79EFBC}") = "Tyuiu.KomarovMI.Sprint4.Task2.V30.Test", "Tyuiu.KomarovMI.Sprint4.Task2.V30.Test\Tyuiu.KomarovMI.Sprint4.Task2.V30.Test.csproj", "{B311C404-C923-48D1-9B1B-126B897C232E}"
EndProject
Global
	GlobalSection(SolutionConfigurationPlatforms) = preSolution
		Debug|Any CPU = Debug|Any CPU
		Release|Any CPU = Release|Any CPU
	EndGlobalSection
	GlobalSection(ProjectConfigurationPlatforms) = postSolution
		{96DF897A-3E03-42A1-9231-55477003A2A6}.Debug|Any CPU.ActiveCfg = Debug|Any CPU
		{96DF897A-3E03-42A1-9231-55477003A2A6}.Debug|Any CPU.Build.0 = Debug|Any CPU
		{96DF897A-3E03-42A1-9231-55477003A2A6}.Release|Any CPU.ActiveCfg = Release|Any CPU
		{96DF897A-3E03-42A1-9231-55477003A2A6}.Release|Any CPU.Build.0 = Release|Any CPU
		{A1CE50A1-A2DB-4B6F-9A3E-D95E8101457D}.Debug|Any CPU.ActiveCfg = Debug|Any CPU
		{A1CE50A1-A2DB-4B6F-9A3E-D95E8101457D}.Debug|Any CPU.Build.0 = Debug|Any CPU
		{A1CE50A1-A2DB-4B6F-9A3E-D95E8101457D}.Release|Any CPU.ActiveCfg = Release|Any CPU
		{A1CE50A1-A2DB-4B6F-9A3E-D95E8101457D}.Release|Any CPU.Build.0 = Release|Any CPU
		{EA98C4C5-AA9E-4FC8-AC63-B7B3930C93C5}.Debug|Any CPU.ActiveCfg = Debug|Any CPU
		{EA98C4C5-AA9E-4FC8-AC63-B7B3930C93C5}.Debug|Any CPU.Build.0 = Debug|Any CPU
		{EA98C4C5-AA9E-4FC8-AC63-B7B3930C93C5}.Release|Any CPU.ActiveCfg = Release|Any CPU
		{EA98C4C5-AA9E-4FC8-AC63-B7B3930C93C5}.Release|Any CPU.Build.0 = Release|Any CPU
		{CBD33DFB-EE11-4CC4-8A6F-CB1D4C2074D0}.Debug|Any CPU.ActiveCfg = Debug|Any CPU
		{CBD33DFB-EE11-4CC4-8A6F-CB1D4C2074D0}.Debug|Any CPU.Build.0 = Debug|Any CPU
		{CBD33DFB-EE11-4CC4-8A6F-CB1D4C2074D0}.Release|Any CPU.ActiveCfg = Release|Any CPU
		{CBD33DFB-EE11-4CC4-8A6F-CB1D4C2074D0}.Release|Any CPU.Build.0 = Release|Any CPU
		{23EA1E60-6770-498C-931D-6A508C2E7C7A}.Debug|Any CPU.ActiveCfg = Debug|Any CPU
		{23EA1E60-6770-498C-931D-6A508C2E7C7A}.Debug|Any CPU.Build.0 = Debug|Any CPU
		{23EA1E60-6770-498C-931D-6A508C2E7C7A}.Release|Any CPU.ActiveCfg = Release|Any CPU
		{23EA1E60-6770-498C-931D-6A508C2E7C7A}.Release|Any CPU.Build.0 = Release|Any CPU
		{88020184-A8D6-47EB-82D9-368FEED80031}.Debug|Any CPU.ActiveCfg = Debug|Any CPU
		{88020184-A8D6-47EB-82D9-368FEED80031}.Debug|Any CPU.Build.0 = Debug|Any CPU
		{88020184-A8D6-47EB-82D9-368FEED80031}.Release|Any CPU.ActiveCfg = Release|Any CPU
		{88020184-A8D6-47EB-82D9-368FEED80031}.Release|Any CPU.Build.0 = Release|Any CPU
		{FEE44A9C-7FC0-40D9-88C4-06E9BB00747D}.Debug|Any CPU.ActiveCfg = Debug|Any CPU
		{FEE44A9C-7FC0-40D9-88C4-06E9BB00747D}.Debug|Any CPU.Build.0 = Debug|Any CPU
		{FEE44A9C-7FC0-40D9-88C4-06E9BB00747D}.Release|Any CPU.ActiveCfg = Release|Any CPU
		{FEE44A9C-7FC0-40D9-88C4-06E9BB00747D}.Release|Any CPU.Build.0 = Release|Any CPU
		{6642C0C6-6480-48BB-AF33-D68ACD901959}.Debug|Any CPU.ActiveCfg = Debug|Any CPU
		{6642C0C6-6480-48BB-AF33-D68ACD901959}.Debug|Any CPU.Build.0 = Debug|Any CPU
		{6642C0C6-6480-48BB-AF33-D68ACD901959}.Release|Any CPU.ActiveCfg = Release|Any CPU
		{6642C0C6-6480-48BB-AF33-D68ACD901959}.Release|Any CPU.Build.0 = Release|Any CPU
		{B311C404-C923-48D1-9B1B-126B897C232E}.Debug|Any CPU.ActiveCfg = Debug|Any CPU
		{B311C404-C923-48D1-9B1B-126B897C232E}.Debug|Any CPU.Build.0 = Debug|Any CPU
		{B311C404-C923-48D1-9B1B-126B897C232E}.Release|Any CPU.ActiveCfg = Release|Any CPU
		{B311C404-C923-48D1-9B1B-126B897C232E}.Release|Any CPU.Build.0 = Release|Any CPU
	EndGlobalSection
	GlobalSection(SolutionProperties) = preSolution
		HideSolutionNode = FALSE
	EndGlobalSection
	GlobalSection(NestedProjects) = preSolution
		{96DF897A-3E03-42A1-9231-55477003A2A6} = {0AC92515-2456-4C85-B56F-31EDDC51ECFF}
		{A1CE50A1-A2DB-4B6F-9A3E-D95E8101457D} = {0AC92515-2456-4C85-B56F-31EDDC51ECFF}
		{EA98C4C5-AA9E-4FC8-AC63-B7B3930C93C5} = {0AC92515-2456-4C85-B56F-31EDDC51ECFF}
		{CBD33DFB-EE11-4CC4-8A6F-CB1D4C2074D0} = {B8670D08-1F3F-4091-80B5-DB0471D2824F}
		{23EA1E60-6770-498C-931D-6A508C2E7C7A} = {B8670D08-1F3F-4091-80B5-DB0471D2824F}
		{88020184-A8D6-47EB-82D9-368FEED80031} = {B8670D08-1F3F-4091-80B5-DB0471D2824F}
		{FEE44A9C-7FC0-40D9-88C4-06E9BB00747D} = {773D33F3-9B67-4E5D-B44D-628F109FA20E}
		{6642C0C6-6480-48BB-AF33-D68ACD901959} = {773D33F3-9B67-4E5D-B44D-628F109FA20E}
		{B311C404-C923-48D1-9B1B-126B897C232E} = {773D33F3-9B67-4E5D-B44D-628F109FA20E}
	EndGlobalSection
	GlobalSection(ExtensibilityGlobals) = postSolution
		SolutionGuid = {965BC866-F5F5-44DA-AF9B-6123374AD3A8}
	EndGlobalSection
EndGlobal
